
Microsoft Visual Studio Solution File, Format Version 12.00
# Visual Studio Version 16
VisualStudioVersion = 25.0.1706.7
MinimumVisualStudioVersion = 10.0.40219.1
Project("{FAE04EC0-301F-11D3-BF4B-00C04F79EFBC}") = "a", "a\a.csproj", "{A17667B9-3228-4F0D-B6D1-0A1060DBECAD}"
EndProject
Global
	GlobalSection(SolutionConfigurationPlatforms) = preSolution
		Debug|Any CPU = Debug|Any CPU
		Release|Any CPU = Release|Any CPU
	EndGlobalSection
	GlobalSection(ProjectConfigurationPlatforms) = postSolution
		{A17667B9-3228-4F0D-B6D1-0A1060DBECAD}.Debug|Any CPU.ActiveCfg = Debug|Any CPU
		{A17667B9-3228-4F0D-B6D1-0A1060DBECAD}.Debug|Any CPU.Build.0 = Debug|Any CPU
		{A17667B9-3228-4F0D-B6D1-0A1060DBECAD}.Release|Any CPU.ActiveCfg = Release|Any CPU
		{A17667B9-3228-4F0D-B6D1-0A1060DBECAD}.Release|Any CPU.Build.0 = Release|Any CPU
	EndGlobalSection
	GlobalSection(SolutionProperties) = preSolution
		HideSolutionNode = FALSE
	EndGlobalSection
	GlobalSection(ExtensibilityGlobals) = postSolution
		SolutionGuid = {7FB929AD-F71A-4785-98F9-2E035589DF93}
	EndGlobalSection
EndGlobal
